// !$*UTF8*$!
{
	archiveVersion = 1;
	classes = {
	};
	objectVersion = 50;
	objects = {

/* Begin PBXBuildFile section */
		822BC92E247F50BE00B95FB4 /* AppDelegate.swift in Sources */ = {isa = PBXBuildFile; fileRef = 822BC92D247F50BE00B95FB4 /* AppDelegate.swift */; };
		822BC930247F50BE00B95FB4 /* SceneDelegate.swift in Sources */ = {isa = PBXBuildFile; fileRef = 822BC92F247F50BE00B95FB4 /* SceneDelegate.swift */; };
		822BC932247F50BE00B95FB4 /* ViewController.swift in Sources */ = {isa = PBXBuildFile; fileRef = 822BC931247F50BE00B95FB4 /* ViewController.swift */; };
		822BC935247F50BE00B95FB4 /* Main.storyboard in Resources */ = {isa = PBXBuildFile; fileRef = 822BC933247F50BE00B95FB4 /* Main.storyboard */; };
		822BC937247F50BF00B95FB4 /* Assets.xcassets in Resources */ = {isa = PBXBuildFile; fileRef = 822BC936247F50BF00B95FB4 /* Assets.xcassets */; };
		822BC93A247F50BF00B95FB4 /* LaunchScreen.storyboard in Resources */ = {isa = PBXBuildFile; fileRef = 822BC938247F50BF00B95FB4 /* LaunchScreen.storyboard */; };
		822BC944247F831E00B95FB4 /* MainViewController.swift in Sources */ = {isa = PBXBuildFile; fileRef = 822BC943247F831E00B95FB4 /* MainViewController.swift */; };
		8265518E248E1639002CD193 /* FuncList.swift in Sources */ = {isa = PBXBuildFile; fileRef = 8265518D248E1639002CD193 /* FuncList.swift */; };
		82A8EE112489DEB1000B9896 /* NativeFunc.swift in Sources */ = {isa = PBXBuildFile; fileRef = 82A8EE102489DEB1000B9896 /* NativeFunc.swift */; };
		82A8EE2F248A2174000B9896 /* SwCalender.swift in Sources */ = {isa = PBXBuildFile; fileRef = 82A8EE2D248A2174000B9896 /* SwCalender.swift */; };
		82A8EE30248A2174000B9896 /* SwCalender.xib in Resources */ = {isa = PBXBuildFile; fileRef = 82A8EE2E248A2174000B9896 /* SwCalender.xib */; };
		82A8EE39248A2835000B9896 /* calenderCell.swift in Sources */ = {isa = PBXBuildFile; fileRef = 82A8EE37248A2835000B9896 /* calenderCell.swift */; };
		82A8EE3A248A2835000B9896 /* calenderCell.xib in Resources */ = {isa = PBXBuildFile; fileRef = 82A8EE38248A2835000B9896 /* calenderCell.xib */; };
/* End PBXBuildFile section */

/* Begin PBXFileReference section */
		822BC92A247F50BE00B95FB4 /* SangWon's.app */ = {isa = PBXFileReference; explicitFileType = wrapper.application; includeInIndex = 0; path = "SangWon's.app"; sourceTree = BUILT_PRODUCTS_DIR; };
		822BC92D247F50BE00B95FB4 /* AppDelegate.swift */ = {isa = PBXFileReference; lastKnownFileType = sourcecode.swift; path = AppDelegate.swift; sourceTree = "<group>"; };
		822BC92F247F50BE00B95FB4 /* SceneDelegate.swift */ = {isa = PBXFileReference; lastKnownFileType = sourcecode.swift; path = SceneDelegate.swift; sourceTree = "<group>"; };
		822BC931247F50BE00B95FB4 /* ViewController.swift */ = {isa = PBXFileReference; lastKnownFileType = sourcecode.swift; path = ViewController.swift; sourceTree = "<group>"; };
		822BC934247F50BE00B95FB4 /* Base */ = {isa = PBXFileReference; lastKnownFileType = file.storyboard; name = Base; path = Base.lproj/Main.storyboard; sourceTree = "<group>"; };
		822BC936247F50BF00B95FB4 /* Assets.xcassets */ = {isa = PBXFileReference; lastKnownFileType = folder.assetcatalog; path = Assets.xcassets; sourceTree = "<group>"; };
		822BC939247F50BF00B95FB4 /* Base */ = {isa = PBXFileReference; lastKnownFileType = file.storyboard; name = Base; path = Base.lproj/LaunchScreen.storyboard; sourceTree = "<group>"; };
		822BC93B247F50BF00B95FB4 /* Info.plist */ = {isa = PBXFileReference; lastKnownFileType = text.plist.xml; path = Info.plist; sourceTree = "<group>"; };
		822BC941247F50F800B95FB4 /* ko */ = {isa = PBXFileReference; lastKnownFileType = text.plist.strings; name = ko; path = ko.lproj/Main.strings; sourceTree = "<group>"; };
		822BC942247F50F800B95FB4 /* ko */ = {isa = PBXFileReference; lastKnownFileType = text.plist.strings; name = ko; path = ko.lproj/LaunchScreen.strings; sourceTree = "<group>"; };
		822BC943247F831E00B95FB4 /* MainViewController.swift */ = {isa = PBXFileReference; lastKnownFileType = sourcecode.swift; path = MainViewController.swift; sourceTree = "<group>"; };
		8265518D248E1639002CD193 /* FuncList.swift */ = {isa = PBXFileReference; lastKnownFileType = sourcecode.swift; path = FuncList.swift; sourceTree = "<group>"; };
		82A8EE102489DEB1000B9896 /* NativeFunc.swift */ = {isa = PBXFileReference; lastKnownFileType = sourcecode.swift; path = NativeFunc.swift; sourceTree = "<group>"; };
		82A8EE2D248A2174000B9896 /* SwCalender.swift */ = {isa = PBXFileReference; lastKnownFileType = sourcecode.swift; path = SwCalender.swift; sourceTree = "<group>"; };
		82A8EE2E248A2174000B9896 /* SwCalender.xib */ = {isa = PBXFileReference; lastKnownFileType = file.xib; path = SwCalender.xib; sourceTree = "<group>"; };
		82A8EE37248A2835000B9896 /* calenderCell.swift */ = {isa = PBXFileReference; lastKnownFileType = sourcecode.swift; path = calenderCell.swift; sourceTree = "<group>"; };
		82A8EE38248A2835000B9896 /* calenderCell.xib */ = {isa = PBXFileReference; lastKnownFileType = file.xib; path = calenderCell.xib; sourceTree = "<group>"; };
/* End PBXFileReference section */

/* Begin PBXFrameworksBuildPhase section */
		822BC927247F50BE00B95FB4 /* Frameworks */ = {
			isa = PBXFrameworksBuildPhase;
			buildActionMask = 2147483647;
			files = (
			);
			runOnlyForDeploymentPostprocessing = 0;
		};
/* End PBXFrameworksBuildPhase section */

/* Begin PBXGroup section */
		8208E3542488FC0000E0DF99 /* Resource */ = {
			isa = PBXGroup;
			children = (
				8208E3552488FC4400E0DF99 /* image */,
			);
			path = Resource;
			sourceTree = "<group>";
		};
		8208E3552488FC4400E0DF99 /* image */ = {
			isa = PBXGroup;
			children = (
			);
			path = image;
			sourceTree = "<group>";
		};
		822BC921247F50BE00B95FB4 = {
			isa = PBXGroup;
			children = (
				822BC92C247F50BE00B95FB4 /* moveViewTest */,
				822BC92B247F50BE00B95FB4 /* Products */,
			);
			sourceTree = "<group>";
		};
		822BC92B247F50BE00B95FB4 /* Products */ = {
			isa = PBXGroup;
			children = (
				822BC92A247F50BE00B95FB4 /* SangWon's.app */,
			);
			name = Products;
			sourceTree = "<group>";
		};
		822BC92C247F50BE00B95FB4 /* moveViewTest */ = {
			isa = PBXGroup;
			children = (
				82A8EE0A2489DD74000B9896 /* Source */,
				8208E3542488FC0000E0DF99 /* Resource */,
				822BC92D247F50BE00B95FB4 /* AppDelegate.swift */,
				822BC92F247F50BE00B95FB4 /* SceneDelegate.swift */,
				822BC931247F50BE00B95FB4 /* ViewController.swift */,
				822BC933247F50BE00B95FB4 /* Main.storyboard */,
				822BC936247F50BF00B95FB4 /* Assets.xcassets */,
				822BC938247F50BF00B95FB4 /* LaunchScreen.storyboard */,
				822BC93B247F50BF00B95FB4 /* Info.plist */,
			);
			path = moveViewTest;
			sourceTree = "<group>";
		};
		8265518C248E15FB002CD193 /* List */ = {
			isa = PBXGroup;
			children = (
				8265518D248E1639002CD193 /* FuncList.swift */,
			);
			path = List;
			sourceTree = "<group>";
		};
		82A8EE082489DD2E000B9896 /* Views */ = {
			isa = PBXGroup;
			children = (
				8265518C248E15FB002CD193 /* List */,
				82A8EE122489FB99000B9896 /* Calender */,
				82A8EE092489DD4D000B9896 /* Main */,
			);
			path = Views;
			sourceTree = "<group>";
		};
		82A8EE092489DD4D000B9896 /* Main */ = {
			isa = PBXGroup;
			children = (
				822BC943247F831E00B95FB4 /* MainViewController.swift */,
			);
			path = Main;
			sourceTree = "<group>";
		};
		82A8EE0A2489DD74000B9896 /* Source */ = {
			isa = PBXGroup;
			children = (
				82A8EE0D2489DDD6000B9896 /* Library */,
				82A8EE082489DD2E000B9896 /* Views */,
			);
			path = Source;
			sourceTree = "<group>";
		};
		82A8EE0D2489DDD6000B9896 /* Library */ = {
			isa = PBXGroup;
			children = (
				82A8EE102489DEB1000B9896 /* NativeFunc.swift */,
			);
			path = Library;
			sourceTree = "<group>";
		};
		82A8EE122489FB99000B9896 /* Calender */ = {
			isa = PBXGroup;
			children = (
				82A8EE38248A2835000B9896 /* calenderCell.xib */,
				82A8EE37248A2835000B9896 /* calenderCell.swift */,
				82A8EE2E248A2174000B9896 /* SwCalender.xib */,
				82A8EE2D248A2174000B9896 /* SwCalender.swift */,
			);
			path = Calender;
			sourceTree = "<group>";
		};
/* End PBXGroup section */

/* Begin PBXNativeTarget section */
		822BC929247F50BE00B95FB4 /* moveViewTest */ = {
			isa = PBXNativeTarget;
			buildConfigurationList = 822BC93E247F50BF00B95FB4 /* Build configuration list for PBXNativeTarget "moveViewTest" */;
			buildPhases = (
				822BC926247F50BE00B95FB4 /* Sources */,
				822BC927247F50BE00B95FB4 /* Frameworks */,
				822BC928247F50BE00B95FB4 /* Resources */,
			);
			buildRules = (
			);
			dependencies = (
			);
			name = moveViewTest;
			productName = moveViewTest;
			productReference = 822BC92A247F50BE00B95FB4 /* SangWon's.app */;
			productType = "com.apple.product-type.application";
		};
/* End PBXNativeTarget section */

/* Begin PBXProject section */
		822BC922247F50BE00B95FB4 /* Project object */ = {
			isa = PBXProject;
			attributes = {
				LastSwiftUpdateCheck = 1150;
				LastUpgradeCheck = 1150;
				ORGANIZATIONNAME = "SANGWON HAN";
				TargetAttributes = {
					822BC929247F50BE00B95FB4 = {
						CreatedOnToolsVersion = 11.5;
					};
				};
			};
			buildConfigurationList = 822BC925247F50BE00B95FB4 /* Build configuration list for PBXProject "moveViewTest" */;
			compatibilityVersion = "Xcode 9.3";
			developmentRegion = en;
			hasScannedForEncodings = 0;
			knownRegions = (
				en,
				Base,
				ko,
			);
			mainGroup = 822BC921247F50BE00B95FB4;
			productRefGroup = 822BC92B247F50BE00B95FB4 /* Products */;
			projectDirPath = "";
			projectRoot = "";
			targets = (
				822BC929247F50BE00B95FB4 /* moveViewTest */,
			);
		};
/* End PBXProject section */

/* Begin PBXResourcesBuildPhase section */
		822BC928247F50BE00B95FB4 /* Resources */ = {
			isa = PBXResourcesBuildPhase;
			buildActionMask = 2147483647;
			files = (
				822BC93A247F50BF00B95FB4 /* LaunchScreen.storyboard in Resources */,
				822BC937247F50BF00B95FB4 /* Assets.xcassets in Resources */,
				822BC935247F50BE00B95FB4 /* Main.storyboard in Resources */,
				82A8EE3A248A2835000B9896 /* calenderCell.xib in Resources */,
				82A8EE30248A2174000B9896 /* SwCalender.xib in Resources */,
			);
			runOnlyForDeploymentPostprocessing = 0;
		};
/* End PBXResourcesBuildPhase section */

/* Begin PBXSourcesBuildPhase section */
		822BC926247F50BE00B95FB4 /* Sources */ = {
			isa = PBXSourcesBuildPhase;
			buildActionMask = 2147483647;
			files = (
				822BC932247F50BE00B95FB4 /* ViewController.swift in Sources */,
				8265518E248E1639002CD193 /* FuncList.swift in Sources */,
				822BC92E247F50BE00B95FB4 /* AppDelegate.swift in Sources */,
				82A8EE2F248A2174000B9896 /* SwCalender.swift in Sources */,
				822BC930247F50BE00B95FB4 /* SceneDelegate.swift in Sources */,
				82A8EE112489DEB1000B9896 /* NativeFunc.swift in Sources */,
				82A8EE39248A2835000B9896 /* calenderCell.swift in Sources */,
				822BC944247F831E00B95FB4 /* MainViewController.swift in Sources */,
			);
			runOnlyForDeploymentPostprocessing = 0;
		};
/* End PBXSourcesBuildPhase section */

/* Begin PBXVariantGroup section */
		822BC933247F50BE00B95FB4 /* Main.storyboard */ = {
			isa = PBXVariantGroup;
			children = (
				822BC934247F50BE00B95FB4 /* Base */,
				822BC941247F50F800B95FB4 /* ko */,
			);
			name = Main.storyboard;
			sourceTree = "<group>";
		};
		822BC938247F50BF00B95FB4 /* LaunchScreen.storyboard */ = {
			isa = PBXVariantGroup;
			children = (
				822BC939247F50BF00B95FB4 /* Base */,
				822BC942247F50F800B95FB4 /* ko */,
			);
			name = LaunchScreen.storyboard;
			sourceTree = "<group>";
		};
/* End PBXVariantGroup section */

/* Begin XCBuildConfiguration section */
		822BC93C247F50BF00B95FB4 /* Debug */ = {
			isa = XCBuildConfiguration;
			buildSettings = {
				ALWAYS_SEARCH_USER_PATHS = NO;
				CLANG_ANALYZER_LOCALIZABILITY_NONLOCALIZED = YES;
				CLANG_ANALYZER_NONNULL = YES;
				CLANG_ANALYZER_NUMBER_OBJECT_CONVERSION = YES_AGGRESSIVE;
				CLANG_CXX_LANGUAGE_STANDARD = "gnu++14";
				CLANG_CXX_LIBRARY = "libc++";
				CLANG_ENABLE_MODULES = YES;
				CLANG_ENABLE_OBJC_ARC = YES;
				CLANG_ENABLE_OBJC_WEAK = YES;
				CLANG_WARN_BLOCK_CAPTURE_AUTORELEASING = YES;
				CLANG_WARN_BOOL_CONVERSION = YES;
				CLANG_WARN_COMMA = YES;
				CLANG_WARN_CONSTANT_CONVERSION = YES;
				CLANG_WARN_DEPRECATED_OBJC_IMPLEMENTATIONS = YES;
				CLANG_WARN_DIRECT_OBJC_ISA_USAGE = YES_ERROR;
				CLANG_WARN_DOCUMENTATION_COMMENTS = YES;
				CLANG_WARN_EMPTY_BODY = YES;
				CLANG_WARN_ENUM_CONVERSION = YES;
				CLANG_WARN_INFINITE_RECURSION = YES;
				CLANG_WARN_INT_CONVERSION = YES;
				CLANG_WARN_NON_LITERAL_NULL_CONVERSION = YES;
				CLANG_WARN_OBJC_IMPLICIT_RETAIN_SELF = YES;
				CLANG_WARN_OBJC_LITERAL_CONVERSION = YES;
				CLANG_WARN_OBJC_ROOT_CLASS = YES_ERROR;
				CLANG_WARN_RANGE_LOOP_ANALYSIS = YES;
				CLANG_WARN_STRICT_PROTOTYPES = YES;
				CLANG_WARN_SUSPICIOUS_MOVE = YES;
				CLANG_WARN_UNGUARDED_AVAILABILITY = YES_AGGRESSIVE;
				CLANG_WARN_UNREACHABLE_CODE = YES;
				CLANG_WARN__DUPLICATE_METHOD_MATCH = YES;
				COPY_PHASE_STRIP = NO;
				DEBUG_INFORMATION_FORMAT = dwarf;
				ENABLE_STRICT_OBJC_MSGSEND = YES;
				ENABLE_TESTABILITY = YES;
				GCC_C_LANGUAGE_STANDARD = gnu11;
				GCC_DYNAMIC_NO_PIC = NO;
				GCC_NO_COMMON_BLOCKS = YES;
				GCC_OPTIMIZATION_LEVEL = 0;
				GCC_PREPROCESSOR_DEFINITIONS = (
					"DEBUG=1",
					"$(inherited)",
				);
				GCC_WARN_64_TO_32_BIT_CONVERSION = YES;
				GCC_WARN_ABOUT_RETURN_TYPE = YES_ERROR;
				GCC_WARN_UNDECLARED_SELECTOR = YES;
				GCC_WARN_UNINITIALIZED_AUTOS = YES_AGGRESSIVE;
				GCC_WARN_UNUSED_FUNCTION = YES;
				GCC_WARN_UNUSED_VARIABLE = YES;
				IPHONEOS_DEPLOYMENT_TARGET = 9.0;
				MTL_ENABLE_DEBUG_INFO = INCLUDE_SOURCE;
				MTL_FAST_MATH = YES;
				ONLY_ACTIVE_ARCH = YES;
				SDKROOT = iphoneos;
				SWIFT_ACTIVE_COMPILATION_CONDITIONS = DEBUG;
				SWIFT_OPTIMIZATION_LEVEL = "-Onone";
			};
			name = Debug;
		};
		822BC93D247F50BF00B95FB4 /* Release */ = {
			isa = XCBuildConfiguration;
			buildSettings = {
				ALWAYS_SEARCH_USER_PATHS = NO;
				CLANG_ANALYZER_LOCALIZABILITY_NONLOCALIZED = YES;
				CLANG_ANALYZER_NONNULL = YES;
				CLANG_ANALYZER_NUMBER_OBJECT_CONVERSION = YES_AGGRESSIVE;
				CLANG_CXX_LANGUAGE_STANDARD = "gnu++14";
				CLANG_CXX_LIBRARY = "libc++";
				CLANG_ENABLE_MODULES = YES;
				CLANG_ENABLE_OBJC_ARC = YES;
				CLANG_ENABLE_OBJC_WEAK = YES;
				CLANG_WARN_BLOCK_CAPTURE_AUTORELEASING = YES;
				CLANG_WARN_BOOL_CONVERSION = YES;
				CLANG_WARN_COMMA = YES;
				CLANG_WARN_CONSTANT_CONVERSION = YES;
				CLANG_WARN_DEPRECATED_OBJC_IMPLEMENTATIONS = YES;
				CLANG_WARN_DIRECT_OBJC_ISA_USAGE = YES_ERROR;
				CLANG_WARN_DOCUMENTATION_COMMENTS = YES;
				CLANG_WARN_EMPTY_BODY = YES;
				CLANG_WARN_ENUM_CONVERSION = YES;
				CLANG_WARN_INFINITE_RECURSION = YES;
				CLANG_WARN_INT_CONVERSION = YES;
				CLANG_WARN_NON_LITERAL_NULL_CONVERSION = YES;
				CLANG_WARN_OBJC_IMPLICIT_RETAIN_SELF = YES;
				CLANG_WARN_OBJC_LITERAL_CONVERSION = YES;
				CLANG_WARN_OBJC_ROOT_CLASS = YES_ERROR;
				CLANG_WARN_RANGE_LOOP_ANALYSIS = YES;
				CLANG_WARN_STRICT_PROTOTYPES = YES;
				CLANG_WARN_SUSPICIOUS_MOVE = YES;
				CLANG_WARN_UNGUARDED_AVAILABILITY = YES_AGGRESSIVE;
				CLANG_WARN_UNREACHABLE_CODE = YES;
				CLANG_WARN__DUPLICATE_METHOD_MATCH = YES;
				COPY_PHASE_STRIP = NO;
				DEBUG_INFORMATION_FORMAT = "dwarf-with-dsym";
				ENABLE_NS_ASSERTIONS = NO;
				ENABLE_STRICT_OBJC_MSGSEND = YES;
				GCC_C_LANGUAGE_STANDARD = gnu11;
				GCC_NO_COMMON_BLOCKS = YES;
				GCC_WARN_64_TO_32_BIT_CONVERSION = YES;
				GCC_WARN_ABOUT_RETURN_TYPE = YES_ERROR;
				GCC_WARN_UNDECLARED_SELECTOR = YES;
				GCC_WARN_UNINITIALIZED_AUTOS = YES_AGGRESSIVE;
				GCC_WARN_UNUSED_FUNCTION = YES;
				GCC_WARN_UNUSED_VARIABLE = YES;
				IPHONEOS_DEPLOYMENT_TARGET = 9.0;
				MTL_ENABLE_DEBUG_INFO = NO;
				MTL_FAST_MATH = YES;
				SDKROOT = iphoneos;
				SWIFT_COMPILATION_MODE = wholemodule;
				SWIFT_OPTIMIZATION_LEVEL = "-O";
				VALIDATE_PRODUCT = YES;
			};
			name = Release;
		};
		822BC93F247F50BF00B95FB4 /* Debug */ = {
			isa = XCBuildConfiguration;
			buildSettings = {
				ASSETCATALOG_COMPILER_APPICON_NAME = AppIcon;
				CODE_SIGN_STYLE = Automatic;
				DEVELOPMENT_TEAM = STJ3K84EP5;
				INFOPLIST_FILE = moveViewTest/Info.plist;
				IPHONEOS_DEPLOYMENT_TARGET = 9.0;
				LD_RUNPATH_SEARCH_PATHS = (
					"$(inherited)",
					"@executable_path/Frameworks",
				);
				PRODUCT_BUNDLE_IDENTIFIER = co.kr.miaps.hansw;
				PRODUCT_NAME = "SangWon's";
				SWIFT_VERSION = 5.0;
				TARGETED_DEVICE_FAMILY = "1,2";
			};
			name = Debug;
		};
		822BC940247F50BF00B95FB4 /* Release */ = {
			isa = XCBuildConfiguration;
			buildSettings = {
				ASSETCATALOG_COMPILER_APPICON_NAME = AppIcon;
				CODE_SIGN_STYLE = Automatic;
				DEVELOPMENT_TEAM = STJ3K84EP5;
				INFOPLIST_FILE = moveViewTest/Info.plist;
				IPHONEOS_DEPLOYMENT_TARGET = 9.0;
				LD_RUNPATH_SEARCH_PATHS = (
					"$(inherited)",
					"@executable_path/Frameworks",
				);
				PRODUCT_BUNDLE_IDENTIFIER = co.kr.miaps.hansw;
				PRODUCT_NAME = "SangWon's";
				SWIFT_VERSION = 5.0;
				TARGETED_DEVICE_FAMILY = "1,2";
			};
			name = Release;
		};
/* End XCBuildConfiguration section */

/* Begin XCConfigurationList section */
		822BC925247F50BE00B95FB4 /* Build configuration list for PBXProject "moveViewTest" */ = {
			isa = XCConfigurationList;
			buildConfigurations = (
				822BC93C247F50BF00B95FB4 /* Debug */,
				822BC93D247F50BF00B95FB4 /* Release */,
			);
			defaultConfigurationIsVisible = 0;
			defaultConfigurationName = Release;
		};
		822BC93E247F50BF00B95FB4 /* Build configuration list for PBXNativeTarget "moveViewTest" */ = {
			isa = XCConfigurationList;
			buildConfigurations = (
				822BC93F247F50BF00B95FB4 /* Debug */,
				822BC940247F50BF00B95FB4 /* Release */,
			);
			defaultConfigurationIsVisible = 0;
			defaultConfigurationName = Release;
		};
/* End XCConfigurationList section */
	};
	rootObject = 822BC922247F50BE00B95FB4 /* Project object */;
}
