// !$*UTF8*$!
{
	archiveVersion = 1;
	classes = {
	};
	objectVersion = 50;
	objects = {

/* Begin PBXBuildFile section */
		820409C22668AE44001BA0F8 /* search.png in Resources */ = {isa = PBXBuildFile; fileRef = 820409C12668AE44001BA0F8 /* search.png */; };
		821C0F922647C42900D111CE /* AppDelegate.swift in Sources */ = {isa = PBXBuildFile; fileRef = 821C0F912647C42900D111CE /* AppDelegate.swift */; };
		821C0F962647C42900D111CE /* ViewController.swift in Sources */ = {isa = PBXBuildFile; fileRef = 821C0F952647C42900D111CE /* ViewController.swift */; };
		821C0F992647C42900D111CE /* Main.storyboard in Resources */ = {isa = PBXBuildFile; fileRef = 821C0F972647C42900D111CE /* Main.storyboard */; };
		821C0F9B2647C42B00D111CE /* Assets.xcassets in Resources */ = {isa = PBXBuildFile; fileRef = 821C0F9A2647C42B00D111CE /* Assets.xcassets */; };
		821C0F9E2647C42B00D111CE /* LaunchScreen.storyboard in Resources */ = {isa = PBXBuildFile; fileRef = 821C0F9C2647C42B00D111CE /* LaunchScreen.storyboard */; };
		822B8306266509B400EF22BE /* libsqlite3.tbd in Frameworks */ = {isa = PBXBuildFile; fileRef = 822B8305266509A800EF22BE /* libsqlite3.tbd */; };
		824B2EB22653E46E0056A73D /* Communication.swift in Sources */ = {isa = PBXBuildFile; fileRef = 824B2EB12653E46E0056A73D /* Communication.swift */; };
		82BF985D26665ACF0089A1B6 /* placeDB.sqlite in Resources */ = {isa = PBXBuildFile; fileRef = 82BF9853266652EC0089A1B6 /* placeDB.sqlite */; };
		82F76A802659031B00964E6E /* DBManager.swift in Sources */ = {isa = PBXBuildFile; fileRef = 82F76A7F2659031B00964E6E /* DBManager.swift */; };
		82F76A88265903BD00964E6E /* SearchPlaceTableViewController.swift in Sources */ = {isa = PBXBuildFile; fileRef = 82F76A86265903BB00964E6E /* SearchPlaceTableViewController.swift */; };
		82F76A89265903BD00964E6E /* Data.swift in Sources */ = {isa = PBXBuildFile; fileRef = 82F76A87265903BD00964E6E /* Data.swift */; };
/* End PBXBuildFile section */

/* Begin PBXFileReference section */
		820409C12668AE44001BA0F8 /* search.png */ = {isa = PBXFileReference; lastKnownFileType = image.png; path = search.png; sourceTree = "<group>"; };
		821C0F8E2647C42900D111CE /* SgWeather.app */ = {isa = PBXFileReference; explicitFileType = wrapper.application; includeInIndex = 0; path = SgWeather.app; sourceTree = BUILT_PRODUCTS_DIR; };
		821C0F912647C42900D111CE /* AppDelegate.swift */ = {isa = PBXFileReference; lastKnownFileType = sourcecode.swift; path = AppDelegate.swift; sourceTree = "<group>"; };
		821C0F952647C42900D111CE /* ViewController.swift */ = {isa = PBXFileReference; lastKnownFileType = sourcecode.swift; path = ViewController.swift; sourceTree = "<group>"; };
		821C0F982647C42900D111CE /* Base */ = {isa = PBXFileReference; lastKnownFileType = file.storyboard; name = Base; path = Base.lproj/Main.storyboard; sourceTree = "<group>"; };
		821C0F9A2647C42B00D111CE /* Assets.xcassets */ = {isa = PBXFileReference; lastKnownFileType = folder.assetcatalog; path = Assets.xcassets; sourceTree = "<group>"; };
		821C0F9D2647C42B00D111CE /* Base */ = {isa = PBXFileReference; lastKnownFileType = file.storyboard; name = Base; path = Base.lproj/LaunchScreen.storyboard; sourceTree = "<group>"; };
		821C0F9F2647C42B00D111CE /* Info.plist */ = {isa = PBXFileReference; lastKnownFileType = text.plist.xml; path = Info.plist; sourceTree = "<group>"; };
		822B8305266509A800EF22BE /* libsqlite3.tbd */ = {isa = PBXFileReference; lastKnownFileType = "sourcecode.text-based-dylib-definition"; name = libsqlite3.tbd; path = usr/lib/libsqlite3.tbd; sourceTree = SDKROOT; };
		824B2EB12653E46E0056A73D /* Communication.swift */ = {isa = PBXFileReference; lastKnownFileType = sourcecode.swift; path = Communication.swift; sourceTree = "<group>"; };
		82BF9853266652EC0089A1B6 /* placeDB.sqlite */ = {isa = PBXFileReference; lastKnownFileType = file; name = placeDB.sqlite; path = SgWeather/Resource/placeDB.sqlite; sourceTree = SOURCE_ROOT; };
		82F76A7F2659031B00964E6E /* DBManager.swift */ = {isa = PBXFileReference; fileEncoding = 4; lastKnownFileType = sourcecode.swift; path = DBManager.swift; sourceTree = "<group>"; };
		82F76A86265903BB00964E6E /* SearchPlaceTableViewController.swift */ = {isa = PBXFileReference; fileEncoding = 4; lastKnownFileType = sourcecode.swift; path = SearchPlaceTableViewController.swift; sourceTree = "<group>"; };
		82F76A87265903BD00964E6E /* Data.swift */ = {isa = PBXFileReference; fileEncoding = 4; lastKnownFileType = sourcecode.swift; path = Data.swift; sourceTree = "<group>"; };
/* End PBXFileReference section */

/* Begin PBXFrameworksBuildPhase section */
		821C0F8B2647C42800D111CE /* Frameworks */ = {
			isa = PBXFrameworksBuildPhase;
			buildActionMask = 2147483647;
			files = (
				822B8306266509B400EF22BE /* libsqlite3.tbd in Frameworks */,
			);
			runOnlyForDeploymentPostprocessing = 0;
		};
/* End PBXFrameworksBuildPhase section */

/* Begin PBXGroup section */
		8200ACAB2667A3B700E8EAC3 /* DB */ = {
			isa = PBXGroup;
			children = (
				82F76A7F2659031B00964E6E /* DBManager.swift */,
			);
			path = DB;
			sourceTree = "<group>";
		};
		820409C02668AD60001BA0F8 /* image */ = {
			isa = PBXGroup;
			children = (
				820409C12668AE44001BA0F8 /* search.png */,
			);
			path = image;
			sourceTree = "<group>";
		};
		821C0F852647C42800D111CE = {
			isa = PBXGroup;
			children = (
				821C0F902647C42900D111CE /* SgWeather */,
				821C0F8F2647C42900D111CE /* Products */,
				822B8304266509A800EF22BE /* Frameworks */,
			);
			sourceTree = "<group>";
		};
		821C0F8F2647C42900D111CE /* Products */ = {
			isa = PBXGroup;
			children = (
				821C0F8E2647C42900D111CE /* SgWeather.app */,
			);
			name = Products;
			sourceTree = "<group>";
		};
		821C0F902647C42900D111CE /* SgWeather */ = {
			isa = PBXGroup;
			children = (
				8200ACAB2667A3B700E8EAC3 /* DB */,
				821C0FC42647C79800D111CE /* API */,
				82F76A832659033F00964E6E /* View */,
				82BF9851266652EC0089A1B6 /* Resource */,
				821C0F912647C42900D111CE /* AppDelegate.swift */,
				821C0F952647C42900D111CE /* ViewController.swift */,
				821C0F972647C42900D111CE /* Main.storyboard */,
				821C0F9A2647C42B00D111CE /* Assets.xcassets */,
				821C0F9C2647C42B00D111CE /* LaunchScreen.storyboard */,
				821C0F9F2647C42B00D111CE /* Info.plist */,
			);
			path = SgWeather;
			sourceTree = "<group>";
		};
		821C0FC42647C79800D111CE /* API */ = {
			isa = PBXGroup;
			children = (
				824B2EB12653E46E0056A73D /* Communication.swift */,
			);
			path = API;
			sourceTree = "<group>";
		};
		822B8304266509A800EF22BE /* Frameworks */ = {
			isa = PBXGroup;
			children = (
				822B8305266509A800EF22BE /* libsqlite3.tbd */,
			);
			name = Frameworks;
			sourceTree = "<group>";
		};
		82BF9851266652EC0089A1B6 /* Resource */ = {
			isa = PBXGroup;
			children = (
				820409C02668AD60001BA0F8 /* image */,
				82BF9853266652EC0089A1B6 /* placeDB.sqlite */,
			);
			path = Resource;
			sourceTree = "<group>";
		};
		82F76A822659033100964E6E /* Search */ = {
			isa = PBXGroup;
			children = (
				82F76A87265903BD00964E6E /* Data.swift */,
				82F76A86265903BB00964E6E /* SearchPlaceTableViewController.swift */,
			);
			path = Search;
			sourceTree = "<group>";
		};
		82F76A832659033F00964E6E /* View */ = {
			isa = PBXGroup;
			children = (
				82F76A822659033100964E6E /* Search */,
			);
			path = View;
			sourceTree = "<group>";
		};
/* End PBXGroup section */

/* Begin PBXNativeTarget section */
		821C0F8D2647C42800D111CE /* SgWeather */ = {
			isa = PBXNativeTarget;
			buildConfigurationList = 821C0FB82647C42B00D111CE /* Build configuration list for PBXNativeTarget "SgWeather" */;
			buildPhases = (
				821C0F8A2647C42800D111CE /* Sources */,
				821C0F8B2647C42800D111CE /* Frameworks */,
				821C0F8C2647C42800D111CE /* Resources */,
			);
			buildRules = (
			);
			dependencies = (
			);
			name = SgWeather;
			productName = SgWeather;
			productReference = 821C0F8E2647C42900D111CE /* SgWeather.app */;
			productType = "com.apple.product-type.application";
		};
/* End PBXNativeTarget section */

/* Begin PBXProject section */
		821C0F862647C42800D111CE /* Project object */ = {
			isa = PBXProject;
			attributes = {
				LastSwiftUpdateCheck = 1240;
				LastUpgradeCheck = 1240;
				TargetAttributes = {
					821C0F8D2647C42800D111CE = {
						CreatedOnToolsVersion = 12.4;
						LastSwiftMigration = 1240;
					};
				};
			};
			buildConfigurationList = 821C0F892647C42800D111CE /* Build configuration list for PBXProject "SgWeather" */;
			compatibilityVersion = "Xcode 9.3";
			developmentRegion = en;
			hasScannedForEncodings = 0;
			knownRegions = (
				en,
				Base,
			);
			mainGroup = 821C0F852647C42800D111CE;
			productRefGroup = 821C0F8F2647C42900D111CE /* Products */;
			projectDirPath = "";
			projectRoot = "";
			targets = (
				821C0F8D2647C42800D111CE /* SgWeather */,
			);
		};
/* End PBXProject section */

/* Begin PBXResourcesBuildPhase section */
		821C0F8C2647C42800D111CE /* Resources */ = {
			isa = PBXResourcesBuildPhase;
			buildActionMask = 2147483647;
			files = (
				820409C22668AE44001BA0F8 /* search.png in Resources */,
				82BF985D26665ACF0089A1B6 /* placeDB.sqlite in Resources */,
				821C0F9E2647C42B00D111CE /* LaunchScreen.storyboard in Resources */,
				821C0F9B2647C42B00D111CE /* Assets.xcassets in Resources */,
				821C0F992647C42900D111CE /* Main.storyboard in Resources */,
			);
			runOnlyForDeploymentPostprocessing = 0;
		};
/* End PBXResourcesBuildPhase section */

/* Begin PBXSourcesBuildPhase section */
		821C0F8A2647C42800D111CE /* Sources */ = {
			isa = PBXSourcesBuildPhase;
			buildActionMask = 2147483647;
			files = (
				82F76A802659031B00964E6E /* DBManager.swift in Sources */,
				82F76A89265903BD00964E6E /* Data.swift in Sources */,
				821C0F962647C42900D111CE /* ViewController.swift in Sources */,
				821C0F922647C42900D111CE /* AppDelegate.swift in Sources */,
				82F76A88265903BD00964E6E /* SearchPlaceTableViewController.swift in Sources */,
				824B2EB22653E46E0056A73D /* Communication.swift in Sources */,
			);
			runOnlyForDeploymentPostprocessing = 0;
		};
/* End PBXSourcesBuildPhase section */

/* Begin PBXVariantGroup section */
		821C0F972647C42900D111CE /* Main.storyboard */ = {
			isa = PBXVariantGroup;
			children = (
				821C0F982647C42900D111CE /* Base */,
			);
			name = Main.storyboard;
			sourceTree = "<group>";
		};
		821C0F9C2647C42B00D111CE /* LaunchScreen.storyboard */ = {
			isa = PBXVariantGroup;
			children = (
				821C0F9D2647C42B00D111CE /* Base */,
			);
			name = LaunchScreen.storyboard;
			sourceTree = "<group>";
		};
/* End PBXVariantGroup section */

/* Begin XCBuildConfiguration section */
		821C0FB62647C42B00D111CE /* Debug */ = {
			isa = XCBuildConfiguration;
			buildSettings = {
				ALWAYS_SEARCH_USER_PATHS = NO;
				CLANG_ANALYZER_NONNULL = YES;
				CLANG_ANALYZER_NUMBER_OBJECT_CONVERSION = YES_AGGRESSIVE;
				CLANG_CXX_LANGUAGE_STANDARD = "gnu++14";
				CLANG_CXX_LIBRARY = "libc++";
				CLANG_ENABLE_MODULES = YES;
				CLANG_ENABLE_OBJC_ARC = YES;
				CLANG_ENABLE_OBJC_WEAK = YES;
				CLANG_WARN_BLOCK_CAPTURE_AUTORELEASING = YES;
				CLANG_WARN_BOOL_CONVERSION = YES;
				CLANG_WARN_COMMA = YES;
				CLANG_WARN_CONSTANT_CONVERSION = YES;
				CLANG_WARN_DEPRECATED_OBJC_IMPLEMENTATIONS = YES;
				CLANG_WARN_DIRECT_OBJC_ISA_USAGE = YES_ERROR;
				CLANG_WARN_DOCUMENTATION_COMMENTS = YES;
				CLANG_WARN_EMPTY_BODY = YES;
				CLANG_WARN_ENUM_CONVERSION = YES;
				CLANG_WARN_INFINITE_RECURSION = YES;
				CLANG_WARN_INT_CONVERSION = YES;
				CLANG_WARN_NON_LITERAL_NULL_CONVERSION = YES;
				CLANG_WARN_OBJC_IMPLICIT_RETAIN_SELF = YES;
				CLANG_WARN_OBJC_LITERAL_CONVERSION = YES;
				CLANG_WARN_OBJC_ROOT_CLASS = YES_ERROR;
				CLANG_WARN_QUOTED_INCLUDE_IN_FRAMEWORK_HEADER = YES;
				CLANG_WARN_RANGE_LOOP_ANALYSIS = YES;
				CLANG_WARN_STRICT_PROTOTYPES = YES;
				CLANG_WARN_SUSPICIOUS_MOVE = YES;
				CLANG_WARN_UNGUARDED_AVAILABILITY = YES_AGGRESSIVE;
				CLANG_WARN_UNREACHABLE_CODE = YES;
				CLANG_WARN__DUPLICATE_METHOD_MATCH = YES;
				COPY_PHASE_STRIP = NO;
				DEBUG_INFORMATION_FORMAT = dwarf;
				ENABLE_STRICT_OBJC_MSGSEND = YES;
				ENABLE_TESTABILITY = YES;
				GCC_C_LANGUAGE_STANDARD = gnu11;
				GCC_DYNAMIC_NO_PIC = NO;
				GCC_NO_COMMON_BLOCKS = YES;
				GCC_OPTIMIZATION_LEVEL = 0;
				GCC_PREPROCESSOR_DEFINITIONS = (
					"DEBUG=1",
					"$(inherited)",
				);
				GCC_WARN_64_TO_32_BIT_CONVERSION = YES;
				GCC_WARN_ABOUT_RETURN_TYPE = YES_ERROR;
				GCC_WARN_UNDECLARED_SELECTOR = YES;
				GCC_WARN_UNINITIALIZED_AUTOS = YES_AGGRESSIVE;
				GCC_WARN_UNUSED_FUNCTION = YES;
				GCC_WARN_UNUSED_VARIABLE = YES;
				IPHONEOS_DEPLOYMENT_TARGET = 11.0;
				MTL_ENABLE_DEBUG_INFO = INCLUDE_SOURCE;
				MTL_FAST_MATH = YES;
				ONLY_ACTIVE_ARCH = YES;
				SDKROOT = iphoneos;
				SWIFT_ACTIVE_COMPILATION_CONDITIONS = DEBUG;
				SWIFT_OPTIMIZATION_LEVEL = "-Onone";
			};
			name = Debug;
		};
		821C0FB72647C42B00D111CE /* Release */ = {
			isa = XCBuildConfiguration;
			buildSettings = {
				ALWAYS_SEARCH_USER_PATHS = NO;
				CLANG_ANALYZER_NONNULL = YES;
				CLANG_ANALYZER_NUMBER_OBJECT_CONVERSION = YES_AGGRESSIVE;
				CLANG_CXX_LANGUAGE_STANDARD = "gnu++14";
				CLANG_CXX_LIBRARY = "libc++";
				CLANG_ENABLE_MODULES = YES;
				CLANG_ENABLE_OBJC_ARC = YES;
				CLANG_ENABLE_OBJC_WEAK = YES;
				CLANG_WARN_BLOCK_CAPTURE_AUTORELEASING = YES;
				CLANG_WARN_BOOL_CONVERSION = YES;
				CLANG_WARN_COMMA = YES;
				CLANG_WARN_CONSTANT_CONVERSION = YES;
				CLANG_WARN_DEPRECATED_OBJC_IMPLEMENTATIONS = YES;
				CLANG_WARN_DIRECT_OBJC_ISA_USAGE = YES_ERROR;
				CLANG_WARN_DOCUMENTATION_COMMENTS = YES;
				CLANG_WARN_EMPTY_BODY = YES;
				CLANG_WARN_ENUM_CONVERSION = YES;
				CLANG_WARN_INFINITE_RECURSION = YES;
				CLANG_WARN_INT_CONVERSION = YES;
				CLANG_WARN_NON_LITERAL_NULL_CONVERSION = YES;
				CLANG_WARN_OBJC_IMPLICIT_RETAIN_SELF = YES;
				CLANG_WARN_OBJC_LITERAL_CONVERSION = YES;
				CLANG_WARN_OBJC_ROOT_CLASS = YES_ERROR;
				CLANG_WARN_QUOTED_INCLUDE_IN_FRAMEWORK_HEADER = YES;
				CLANG_WARN_RANGE_LOOP_ANALYSIS = YES;
				CLANG_WARN_STRICT_PROTOTYPES = YES;
				CLANG_WARN_SUSPICIOUS_MOVE = YES;
				CLANG_WARN_UNGUARDED_AVAILABILITY = YES_AGGRESSIVE;
				CLANG_WARN_UNREACHABLE_CODE = YES;
				CLANG_WARN__DUPLICATE_METHOD_MATCH = YES;
				COPY_PHASE_STRIP = NO;
				DEBUG_INFORMATION_FORMAT = "dwarf-with-dsym";
				ENABLE_NS_ASSERTIONS = NO;
				ENABLE_STRICT_OBJC_MSGSEND = YES;
				GCC_C_LANGUAGE_STANDARD = gnu11;
				GCC_NO_COMMON_BLOCKS = YES;
				GCC_WARN_64_TO_32_BIT_CONVERSION = YES;
				GCC_WARN_ABOUT_RETURN_TYPE = YES_ERROR;
				GCC_WARN_UNDECLARED_SELECTOR = YES;
				GCC_WARN_UNINITIALIZED_AUTOS = YES_AGGRESSIVE;
				GCC_WARN_UNUSED_FUNCTION = YES;
				GCC_WARN_UNUSED_VARIABLE = YES;
				IPHONEOS_DEPLOYMENT_TARGET = 11.0;
				MTL_ENABLE_DEBUG_INFO = NO;
				MTL_FAST_MATH = YES;
				SDKROOT = iphoneos;
				SWIFT_COMPILATION_MODE = wholemodule;
				SWIFT_OPTIMIZATION_LEVEL = "-O";
				VALIDATE_PRODUCT = YES;
			};
			name = Release;
		};
		821C0FB92647C42B00D111CE /* Debug */ = {
			isa = XCBuildConfiguration;
			buildSettings = {
				ASSETCATALOG_COMPILER_APPICON_NAME = AppIcon;
				ASSETCATALOG_COMPILER_GLOBAL_ACCENT_COLOR_NAME = AccentColor;
				CLANG_ENABLE_MODULES = YES;
				CODE_SIGN_IDENTITY = "iPhone Developer";
				CODE_SIGN_STYLE = Manual;
				DEVELOPMENT_TEAM = STJ3K84EP5;
				INFOPLIST_FILE = SgWeather/Info.plist;
				IPHONEOS_DEPLOYMENT_TARGET = 11.0;
				LD_RUNPATH_SEARCH_PATHS = (
					"$(inherited)",
					"@executable_path/Frameworks",
				);
				PRODUCT_BUNDLE_IDENTIFIER = co.kr.kisang.weather.SgWeather;
				PRODUCT_NAME = "$(TARGET_NAME)";
				PROVISIONING_PROFILE_SPECIFIER = "XC IOS All";
				SWIFT_OBJC_BRIDGING_HEADER = "";
				SWIFT_OPTIMIZATION_LEVEL = "-Onone";
				SWIFT_VERSION = 5.0;
				TARGETED_DEVICE_FAMILY = "1,2";
			};
			name = Debug;
		};
		821C0FBA2647C42B00D111CE /* Release */ = {
			isa = XCBuildConfiguration;
			buildSettings = {
				ASSETCATALOG_COMPILER_APPICON_NAME = AppIcon;
				ASSETCATALOG_COMPILER_GLOBAL_ACCENT_COLOR_NAME = AccentColor;
				CLANG_ENABLE_MODULES = YES;
				CODE_SIGN_IDENTITY = "iPhone Distribution";
				CODE_SIGN_STYLE = Manual;
				DEVELOPMENT_TEAM = STJ3K84EP5;
				INFOPLIST_FILE = SgWeather/Info.plist;
				IPHONEOS_DEPLOYMENT_TARGET = 11.0;
				LD_RUNPATH_SEARCH_PATHS = (
					"$(inherited)",
					"@executable_path/Frameworks",
				);
				PRODUCT_BUNDLE_IDENTIFIER = co.kr.kisang.weather.SgWeather;
				PRODUCT_NAME = "$(TARGET_NAME)";
				PROVISIONING_PROFILE_SPECIFIER = "XC: *";
				SWIFT_OBJC_BRIDGING_HEADER = "";
				SWIFT_VERSION = 5.0;
				TARGETED_DEVICE_FAMILY = "1,2";
			};
			name = Release;
		};
/* End XCBuildConfiguration section */

/* Begin XCConfigurationList section */
		821C0F892647C42800D111CE /* Build configuration list for PBXProject "SgWeather" */ = {
			isa = XCConfigurationList;
			buildConfigurations = (
				821C0FB62647C42B00D111CE /* Debug */,
				821C0FB72647C42B00D111CE /* Release */,
			);
			defaultConfigurationIsVisible = 0;
			defaultConfigurationName = Release;
		};
		821C0FB82647C42B00D111CE /* Build configuration list for PBXNativeTarget "SgWeather" */ = {
			isa = XCConfigurationList;
			buildConfigurations = (
				821C0FB92647C42B00D111CE /* Debug */,
				821C0FBA2647C42B00D111CE /* Release */,
			);
			defaultConfigurationIsVisible = 0;
			defaultConfigurationName = Release;
		};
/* End XCConfigurationList section */
	};
	rootObject = 821C0F862647C42800D111CE /* Project object */;
}
